
Microsoft Visual Studio Solution File, Format Version 12.00
# Visual Studio 15
Project("{FAE04EC0-301F-11D3-BF4B-00C04F79EFBC}") = "Meryel.CodeAssist.Editor", "Meryel.CodeAssist.Editor.csproj", "{D3F839A5-C8F9-66CD-60EF-9186FDBC2B3F}"
EndProject
Project("{FAE04EC0-301F-11D3-BF4B-00C04F79EFBC}") = "Assembly-CSharp", "Assembly-CSharp.csproj", "{83B679AA-4EFD-B0E9-D7E7-9A6275DF30A9}"
EndProject
Project("{FAE04EC0-301F-11D3-BF4B-00C04F79EFBC}") = "OccaSoftware.Crosshairs.Editor", "OccaSoftware.Crosshairs.Editor.csproj", "{2B18BA1A-02CA-83DD-F6D4-C42327660144}"
EndProject
Global
	GlobalSection(SolutionConfigurationPlatforms) = preSolution
		Debug|Any CPU = Debug|Any CPU
		Release|Any CPU = Release|Any CPU
	EndGlobalSection
	GlobalSection(ProjectConfigurationPlatforms) = postSolution
		{D3F839A5-C8F9-66CD-60EF-9186FDBC2B3F}.Debug|Any CPU.ActiveCfg = Debug|Any CPU
		{D3F839A5-C8F9-66CD-60EF-9186FDBC2B3F}.Debug|Any CPU.Build.0 = Debug|Any CPU
		{D3F839A5-C8F9-66CD-60EF-9186FDBC2B3F}.Release|Any CPU.ActiveCfg = Release|Any CPU
		{D3F839A5-C8F9-66CD-60EF-9186FDBC2B3F}.Release|Any CPU.Build.0 = Release|Any CPU
		{83B679AA-4EFD-B0E9-D7E7-9A6275DF30A9}.Debug|Any CPU.ActiveCfg = Debug|Any CPU
		{83B679AA-4EFD-B0E9-D7E7-9A6275DF30A9}.Debug|Any CPU.Build.0 = Debug|Any CPU
		{83B679AA-4EFD-B0E9-D7E7-9A6275DF30A9}.Release|Any CPU.ActiveCfg = Release|Any CPU
		{83B679AA-4EFD-B0E9-D7E7-9A6275DF30A9}.Release|Any CPU.Build.0 = Release|Any CPU
		{2B18BA1A-02CA-83DD-F6D4-C42327660144}.Debug|Any CPU.ActiveCfg = Debug|Any CPU
		{2B18BA1A-02CA-83DD-F6D4-C42327660144}.Debug|Any CPU.Build.0 = Debug|Any CPU
		{2B18BA1A-02CA-83DD-F6D4-C42327660144}.Release|Any CPU.ActiveCfg = Release|Any CPU
		{2B18BA1A-02CA-83DD-F6D4-C42327660144}.Release|Any CPU.Build.0 = Release|Any CPU
	EndGlobalSection
	GlobalSection(SolutionProperties) = preSolution
		HideSolutionNode = FALSE
	EndGlobalSection
EndGlobal
